
Microsoft Visual Studio Solution File, Format Version 12.00
# Visual Studio 15
VisualStudioVersion = 15.0.26730.12
MinimumVisualStudioVersion = 10.0.40219.1
Project("{FAE04EC0-301F-11D3-BF4B-00C04F79EFBC}") = "dit is een test", "dit is een test\dit is een test.csproj", "{15A6DE02-55DD-4D1C-BD4B-242788D68FAB}"
EndProject
Global
	GlobalSection(SolutionConfigurationPlatforms) = preSolution
		Debug|Any CPU = Debug|Any CPU
		Release|Any CPU = Release|Any CPU
	EndGlobalSection
	GlobalSection(ProjectConfigurationPlatforms) = postSolution
		{15A6DE02-55DD-4D1C-BD4B-242788D68FAB}.Debug|Any CPU.ActiveCfg = Debug|Any CPU
		{15A6DE02-55DD-4D1C-BD4B-242788D68FAB}.Debug|Any CPU.Build.0 = Debug|Any CPU
		{15A6DE02-55DD-4D1C-BD4B-242788D68FAB}.Release|Any CPU.ActiveCfg = Release|Any CPU
		{15A6DE02-55DD-4D1C-BD4B-242788D68FAB}.Release|Any CPU.Build.0 = Release|Any CPU
	EndGlobalSection
	GlobalSection(SolutionProperties) = preSolution
		HideSolutionNode = FALSE
	EndGlobalSection
	GlobalSection(ExtensibilityGlobals) = postSolution
		SolutionGuid = {B64B07B3-0396-4BFB-A780-3B452F9281A8}
	EndGlobalSection
EndGlobal
